
Microsoft Visual Studio Solution File, Format Version 12.00
Project("{FAE04EC0-301F-11D3-BF4B-00C04F79EFBC}") = "UUID", "UUID\UUID.csproj", "{B476FEF9-38E3-44FA-B693-E5B24572F979}"
EndProject
Project("{FAE04EC0-301F-11D3-BF4B-00C04F79EFBC}") = "UUID.Tests", "UUID.Tests\UUID.Tests.csproj", "{24A46ADE-B795-44B0-B11F-021D4552B641}"
EndProject
Global
	GlobalSection(SolutionConfigurationPlatforms) = preSolution
		Debug|Any CPU = Debug|Any CPU
		Release|Any CPU = Release|Any CPU
	EndGlobalSection
	GlobalSection(ProjectConfigurationPlatforms) = postSolution
		{B476FEF9-38E3-44FA-B693-E5B24572F979}.Debug|Any CPU.ActiveCfg = Debug|Any CPU
		{B476FEF9-38E3-44FA-B693-E5B24572F979}.Debug|Any CPU.Build.0 = Debug|Any CPU
		{B476FEF9-38E3-44FA-B693-E5B24572F979}.Release|Any CPU.ActiveCfg = Release|Any CPU
		{B476FEF9-38E3-44FA-B693-E5B24572F979}.Release|Any CPU.Build.0 = Release|Any CPU
		{24A46ADE-B795-44B0-B11F-021D4552B641}.Debug|Any CPU.ActiveCfg = Debug|Any CPU
		{24A46ADE-B795-44B0-B11F-021D4552B641}.Debug|Any CPU.Build.0 = Debug|Any CPU
		{24A46ADE-B795-44B0-B11F-021D4552B641}.Release|Any CPU.ActiveCfg = Release|Any CPU
		{24A46ADE-B795-44B0-B11F-021D4552B641}.Release|Any CPU.Build.0 = Release|Any CPU
	EndGlobalSection
EndGlobal
